
Microsoft Visual Studio Solution File, Format Version 12.00
# Visual Studio 15
VisualStudioVersion = 15.0.28010.2036
MinimumVisualStudioVersion = 10.0.40219.1
Project("{FAE04EC0-301F-11D3-BF4B-00C04F79EFBC}") = "BusSpeaker.Android", "BusSpeaker\BusSpeaker.Android\BusSpeaker.Android.csproj", "{9F823C70-ADBB-40E2-8D50-CB5A0828B622}"
EndProject
Project("{FAE04EC0-301F-11D3-BF4B-00C04F79EFBC}") = "BusSpeaker.iOS", "BusSpeaker\BusSpeaker.iOS\BusSpeaker.iOS.csproj", "{9191C1EA-EC85-4400-89D6-A9AD1CFC3A8F}"
EndProject
Project("{FAE04EC0-301F-11D3-BF4B-00C04F79EFBC}") = "BusSpeaker.UWP", "BusSpeaker\BusSpeaker.UWP\BusSpeaker.UWP.csproj", "{CC710DE6-4516-481F-BF95-23F5D681C254}"
EndProject
Project("{FAE04EC0-301F-11D3-BF4B-00C04F79EFBC}") = "BusSpeaker", "BusSpeaker\BusSpeaker\BusSpeaker.csproj", "{398D2CD2-9C8D-4F1C-871D-8EAB0BEEE763}"
EndProject
Global
	GlobalSection(SolutionConfigurationPlatforms) = preSolution
		Debug|Any CPU = Debug|Any CPU
		Debug|ARM = Debug|ARM
		Debug|iPhone = Debug|iPhone
		Debug|iPhoneSimulator = Debug|iPhoneSimulator
		Debug|x64 = Debug|x64
		Debug|x86 = Debug|x86
		Release|Any CPU = Release|Any CPU
		Release|ARM = Release|ARM
		Release|iPhone = Release|iPhone
		Release|iPhoneSimulator = Release|iPhoneSimulator
		Release|x64 = Release|x64
		Release|x86 = Release|x86
	EndGlobalSection
	GlobalSection(ProjectConfigurationPlatforms) = postSolution
		{9F823C70-ADBB-40E2-8D50-CB5A0828B622}.Debug|Any CPU.ActiveCfg = Debug|Any CPU
		{9F823C70-ADBB-40E2-8D50-CB5A0828B622}.Debug|Any CPU.Build.0 = Debug|Any CPU
		{9F823C70-ADBB-40E2-8D50-CB5A0828B622}.Debug|Any CPU.Deploy.0 = Debug|Any CPU
		{9F823C70-ADBB-40E2-8D50-CB5A0828B622}.Debug|ARM.ActiveCfg = Debug|Any CPU
		{9F823C70-ADBB-40E2-8D50-CB5A0828B622}.Debug|ARM.Build.0 = Debug|Any CPU
		{9F823C70-ADBB-40E2-8D50-CB5A0828B622}.Debug|ARM.Deploy.0 = Debug|Any CPU
		{9F823C70-ADBB-40E2-8D50-CB5A0828B622}.Debug|iPhone.ActiveCfg = Debug|Any CPU
		{9F823C70-ADBB-40E2-8D50-CB5A0828B622}.Debug|iPhone.Build.0 = Debug|Any CPU
		{9F823C70-ADBB-40E2-8D50-CB5A0828B622}.Debug|iPhone.Deploy.0 = Debug|Any CPU
		{9F823C70-ADBB-40E2-8D50-CB5A0828B622}.Debug|iPhoneSimulator.ActiveCfg = Debug|Any CPU
		{9F823C70-ADBB-40E2-8D50-CB5A0828B622}.Debug|iPhoneSimulator.Build.0 = Debug|Any CPU
		{9F823C70-ADBB-40E2-8D50-CB5A0828B622}.Debug|iPhoneSimulator.Deploy.0 = Debug|Any CPU
		{9F823C70-ADBB-40E2-8D50-CB5A0828B622}.Debug|x64.ActiveCfg = Debug|Any CPU
		{9F823C70-ADBB-40E2-8D50-CB5A0828B622}.Debug|x64.Build.0 = Debug|Any CPU
		{9F823C70-ADBB-40E2-8D50-CB5A0828B622}.Debug|x64.Deploy.0 = Debug|Any CPU
		{9F823C70-ADBB-40E2-8D50-CB5A0828B622}.Debug|x86.ActiveCfg = Debug|Any CPU
		{9F823C70-ADBB-40E2-8D50-CB5A0828B622}.Debug|x86.Build.0 = Debug|Any CPU
		{9F823C70-ADBB-40E2-8D50-CB5A0828B622}.Debug|x86.Deploy.0 = Debug|Any CPU
		{9F823C70-ADBB-40E2-8D50-CB5A0828B622}.Release|Any CPU.ActiveCfg = Release|Any CPU
		{9F823C70-ADBB-40E2-8D50-CB5A0828B622}.Release|Any CPU.Build.0 = Release|Any CPU
		{9F823C70-ADBB-40E2-8D50-CB5A0828B622}.Release|Any CPU.Deploy.0 = Release|Any CPU
		{9F823C70-ADBB-40E2-8D50-CB5A0828B622}.Release|ARM.ActiveCfg = Release|Any CPU
		{9F823C70-ADBB-40E2-8D50-CB5A0828B622}.Release|ARM.Build.0 = Release|Any CPU
		{9F823C70-ADBB-40E2-8D50-CB5A0828B622}.Release|ARM.Deploy.0 = Release|Any CPU
		{9F823C70-ADBB-40E2-8D50-CB5A0828B622}.Release|iPhone.ActiveCfg = Release|Any CPU
		{9F823C70-ADBB-40E2-8D50-CB5A0828B622}.Release|iPhone.Build.0 = Release|Any CPU
		{9F823C70-ADBB-40E2-8D50-CB5A0828B622}.Release|iPhone.Deploy.0 = Release|Any CPU
		{9F823C70-ADBB-40E2-8D50-CB5A0828B622}.Release|iPhoneSimulator.ActiveCfg = Release|Any CPU
		{9F823C70-ADBB-40E2-8D50-CB5A0828B622}.Release|iPhoneSimulator.Build.0 = Release|Any CPU
		{9F823C70-ADBB-40E2-8D50-CB5A0828B622}.Release|iPhoneSimulator.Deploy.0 = Release|Any CPU
		{9F823C70-ADBB-40E2-8D50-CB5A0828B622}.Release|x64.ActiveCfg = Release|Any CPU
		{9F823C70-ADBB-40E2-8D50-CB5A0828B622}.Release|x64.Build.0 = Release|Any CPU
		{9F823C70-ADBB-40E2-8D50-CB5A0828B622}.Release|x64.Deploy.0 = Release|Any CPU
		{9F823C70-ADBB-40E2-8D50-CB5A0828B622}.Release|x86.ActiveCfg = Release|Any CPU
		{9F823C70-ADBB-40E2-8D50-CB5A0828B622}.Release|x86.Build.0 = Release|Any CPU
		{9F823C70-ADBB-40E2-8D50-CB5A0828B622}.Release|x86.Deploy.0 = Release|Any CPU
		{9191C1EA-EC85-4400-89D6-A9AD1CFC3A8F}.Debug|Any CPU.ActiveCfg = Debug|iPhoneSimulator
		{9191C1EA-EC85-4400-89D6-A9AD1CFC3A8F}.Debug|Any CPU.Build.0 = Debug|iPhoneSimulator
		{9191C1EA-EC85-4400-89D6-A9AD1CFC3A8F}.Debug|Any CPU.Deploy.0 = Debug|iPhoneSimulator
		{9191C1EA-EC85-4400-89D6-A9AD1CFC3A8F}.Debug|ARM.ActiveCfg = Debug|iPhone
		{9191C1EA-EC85-4400-89D6-A9AD1CFC3A8F}.Debug|ARM.Build.0 = Debug|iPhone
		{9191C1EA-EC85-4400-89D6-A9AD1CFC3A8F}.Debug|ARM.Deploy.0 = Debug|iPhone
		{9191C1EA-EC85-4400-89D6-A9AD1CFC3A8F}.Debug|iPhone.ActiveCfg = Debug|iPhone
		{9191C1EA-EC85-4400-89D6-A9AD1CFC3A8F}.Debug|iPhone.Build.0 = Debug|iPhone
		{9191C1EA-EC85-4400-89D6-A9AD1CFC3A8F}.Debug|iPhone.Deploy.0 = Debug|iPhone
		{9191C1EA-EC85-4400-89D6-A9AD1CFC3A8F}.Debug|iPhoneSimulator.ActiveCfg = Debug|iPhoneSimulator
		{9191C1EA-EC85-4400-89D6-A9AD1CFC3A8F}.Debug|iPhoneSimulator.Build.0 = Debug|iPhoneSimulator
		{9191C1EA-EC85-4400-89D6-A9AD1CFC3A8F}.Debug|iPhoneSimulator.Deploy.0 = Debug|iPhoneSimulator
		{9191C1EA-EC85-4400-89D6-A9AD1CFC3A8F}.Debug|x64.ActiveCfg = Debug|iPhone
		{9191C1EA-EC85-4400-89D6-A9AD1CFC3A8F}.Debug|x64.Build.0 = Debug|iPhone
		{9191C1EA-EC85-4400-89D6-A9AD1CFC3A8F}.Debug|x64.Deploy.0 = Debug|iPhone
		{9191C1EA-EC85-4400-89D6-A9AD1CFC3A8F}.Debug|x86.ActiveCfg = Debug|iPhone
		{9191C1EA-EC85-4400-89D6-A9AD1CFC3A8F}.Debug|x86.Build.0 = Debug|iPhone
		{9191C1EA-EC85-4400-89D6-A9AD1CFC3A8F}.Debug|x86.Deploy.0 = Debug|iPhone
		{9191C1EA-EC85-4400-89D6-A9AD1CFC3A8F}.Release|Any CPU.ActiveCfg = Release|iPhone
		{9191C1EA-EC85-4400-89D6-A9AD1CFC3A8F}.Release|Any CPU.Build.0 = Release|iPhone
		{9191C1EA-EC85-4400-89D6-A9AD1CFC3A8F}.Release|Any CPU.Deploy.0 = Release|iPhone
		{9191C1EA-EC85-4400-89D6-A9AD1CFC3A8F}.Release|ARM.ActiveCfg = Release|iPhone
		{9191C1EA-EC85-4400-89D6-A9AD1CFC3A8F}.Release|ARM.Build.0 = Release|iPhone
		{9191C1EA-EC85-4400-89D6-A9AD1CFC3A8F}.Release|ARM.Deploy.0 = Release|iPhone
		{9191C1EA-EC85-4400-89D6-A9AD1CFC3A8F}.Release|iPhone.ActiveCfg = Release|iPhone
		{9191C1EA-EC85-4400-89D6-A9AD1CFC3A8F}.Release|iPhone.Build.0 = Release|iPhone
		{9191C1EA-EC85-4400-89D6-A9AD1CFC3A8F}.Release|iPhone.Deploy.0 = Release|iPhone
		{9191C1EA-EC85-4400-89D6-A9AD1CFC3A8F}.Release|iPhoneSimulator.ActiveCfg = Release|iPhoneSimulator
		{9191C1EA-EC85-4400-89D6-A9AD1CFC3A8F}.Release|iPhoneSimulator.Build.0 = Release|iPhoneSimulator
		{9191C1EA-EC85-4400-89D6-A9AD1CFC3A8F}.Release|iPhoneSimulator.Deploy.0 = Release|iPhoneSimulator
		{9191C1EA-EC85-4400-89D6-A9AD1CFC3A8F}.Release|x64.ActiveCfg = Release|iPhone
		{9191C1EA-EC85-4400-89D6-A9AD1CFC3A8F}.Release|x64.Build.0 = Release|iPhone
		{9191C1EA-EC85-4400-89D6-A9AD1CFC3A8F}.Release|x64.Deploy.0 = Release|iPhone
		{9191C1EA-EC85-4400-89D6-A9AD1CFC3A8F}.Release|x86.ActiveCfg = Release|iPhone
		{9191C1EA-EC85-4400-89D6-A9AD1CFC3A8F}.Release|x86.Build.0 = Release|iPhone
		{9191C1EA-EC85-4400-89D6-A9AD1CFC3A8F}.Release|x86.Deploy.0 = Release|iPhone
		{CC710DE6-4516-481F-BF95-23F5D681C254}.Debug|Any CPU.ActiveCfg = Debug|x86
		{CC710DE6-4516-481F-BF95-23F5D681C254}.Debug|Any CPU.Build.0 = Debug|x86
		{CC710DE6-4516-481F-BF95-23F5D681C254}.Debug|Any CPU.Deploy.0 = Debug|x86
		{CC710DE6-4516-481F-BF95-23F5D681C254}.Debug|ARM.ActiveCfg = Debug|ARM
		{CC710DE6-4516-481F-BF95-23F5D681C254}.Debug|ARM.Build.0 = Debug|ARM
		{CC710DE6-4516-481F-BF95-23F5D681C254}.Debug|ARM.Deploy.0 = Debug|ARM
		{CC710DE6-4516-481F-BF95-23F5D681C254}.Debug|iPhone.ActiveCfg = Debug|x86
		{CC710DE6-4516-481F-BF95-23F5D681C254}.Debug|iPhone.Build.0 = Debug|x86
		{CC710DE6-4516-481F-BF95-23F5D681C254}.Debug|iPhone.Deploy.0 = Debug|x86
		{CC710DE6-4516-481F-BF95-23F5D681C254}.Debug|iPhoneSimulator.ActiveCfg = Debug|x86
		{CC710DE6-4516-481F-BF95-23F5D681C254}.Debug|iPhoneSimulator.Build.0 = Debug|x86
		{CC710DE6-4516-481F-BF95-23F5D681C254}.Debug|iPhoneSimulator.Deploy.0 = Debug|x86
		{CC710DE6-4516-481F-BF95-23F5D681C254}.Debug|x64.ActiveCfg = Debug|x64
		{CC710DE6-4516-481F-BF95-23F5D681C254}.Debug|x64.Build.0 = Debug|x64
		{CC710DE6-4516-481F-BF95-23F5D681C254}.Debug|x64.Deploy.0 = Debug|x64
		{CC710DE6-4516-481F-BF95-23F5D681C254}.Debug|x86.ActiveCfg = Debug|x86
		{CC710DE6-4516-481F-BF95-23F5D681C254}.Debug|x86.Build.0 = Debug|x86
		{CC710DE6-4516-481F-BF95-23F5D681C254}.Debug|x86.Deploy.0 = Debug|x86
		{CC710DE6-4516-481F-BF95-23F5D681C254}.Release|Any CPU.ActiveCfg = Release|x86
		{CC710DE6-4516-481F-BF95-23F5D681C254}.Release|Any CPU.Build.0 = Release|x86
		{CC710DE6-4516-481F-BF95-23F5D681C254}.Release|Any CPU.Deploy.0 = Release|x86
		{CC710DE6-4516-481F-BF95-23F5D681C254}.Release|ARM.ActiveCfg = Release|ARM
		{CC710DE6-4516-481F-BF95-23F5D681C254}.Release|ARM.Build.0 = Release|ARM
		{CC710DE6-4516-481F-BF95-23F5D681C254}.Release|ARM.Deploy.0 = Release|ARM
		{CC710DE6-4516-481F-BF95-23F5D681C254}.Release|iPhone.ActiveCfg = Release|x86
		{CC710DE6-4516-481F-BF95-23F5D681C254}.Release|iPhone.Build.0 = Release|x86
		{CC710DE6-4516-481F-BF95-23F5D681C254}.Release|iPhone.Deploy.0 = Release|x86
		{CC710DE6-4516-481F-BF95-23F5D681C254}.Release|iPhoneSimulator.ActiveCfg = Release|x86
		{CC710DE6-4516-481F-BF95-23F5D681C254}.Release|iPhoneSimulator.Build.0 = Release|x86
		{CC710DE6-4516-481F-BF95-23F5D681C254}.Release|iPhoneSimulator.Deploy.0 = Release|x86
		{CC710DE6-4516-481F-BF95-23F5D681C254}.Release|x64.ActiveCfg = Release|x64
		{CC710DE6-4516-481F-BF95-23F5D681C254}.Release|x64.Build.0 = Release|x64
		{CC710DE6-4516-481F-BF95-23F5D681C254}.Release|x64.Deploy.0 = Release|x64
		{CC710DE6-4516-481F-BF95-23F5D681C254}.Release|x86.ActiveCfg = Release|x86
		{CC710DE6-4516-481F-BF95-23F5D681C254}.Release|x86.Build.0 = Release|x86
		{CC710DE6-4516-481F-BF95-23F5D681C254}.Release|x86.Deploy.0 = Release|x86
		{398D2CD2-9C8D-4F1C-871D-8EAB0BEEE763}.Debug|Any CPU.ActiveCfg = Debug|Any CPU
		{398D2CD2-9C8D-4F1C-871D-8EAB0BEEE763}.Debug|Any CPU.Build.0 = Debug|Any CPU
		{398D2CD2-9C8D-4F1C-871D-8EAB0BEEE763}.Debug|Any CPU.Deploy.0 = Debug|Any CPU
		{398D2CD2-9C8D-4F1C-871D-8EAB0BEEE763}.Debug|ARM.ActiveCfg = Debug|Any CPU
		{398D2CD2-9C8D-4F1C-871D-8EAB0BEEE763}.Debug|ARM.Build.0 = Debug|Any CPU
		{398D2CD2-9C8D-4F1C-871D-8EAB0BEEE763}.Debug|ARM.Deploy.0 = Debug|Any CPU
		{398D2CD2-9C8D-4F1C-871D-8EAB0BEEE763}.Debug|iPhone.ActiveCfg = Debug|Any CPU
		{398D2CD2-9C8D-4F1C-871D-8EAB0BEEE763}.Debug|iPhone.Build.0 = Debug|Any CPU
		{398D2CD2-9C8D-4F1C-871D-8EAB0BEEE763}.Debug|iPhone.Deploy.0 = Debug|Any CPU
		{398D2CD2-9C8D-4F1C-871D-8EAB0BEEE763}.Debug|iPhoneSimulator.ActiveCfg = Debug|Any CPU
		{398D2CD2-9C8D-4F1C-871D-8EAB0BEEE763}.Debug|iPhoneSimulator.Build.0 = Debug|Any CPU
		{398D2CD2-9C8D-4F1C-871D-8EAB0BEEE763}.Debug|iPhoneSimulator.Deploy.0 = Debug|Any CPU
		{398D2CD2-9C8D-4F1C-871D-8EAB0BEEE763}.Debug|x64.ActiveCfg = Debug|Any CPU
		{398D2CD2-9C8D-4F1C-871D-8EAB0BEEE763}.Debug|x64.Build.0 = Debug|Any CPU
		{398D2CD2-9C8D-4F1C-871D-8EAB0BEEE763}.Debug|x64.Deploy.0 = Debug|Any CPU
		{398D2CD2-9C8D-4F1C-871D-8EAB0BEEE763}.Debug|x86.ActiveCfg = Debug|Any CPU
		{398D2CD2-9C8D-4F1C-871D-8EAB0BEEE763}.Debug|x86.Build.0 = Debug|Any CPU
		{398D2CD2-9C8D-4F1C-871D-8EAB0BEEE763}.Debug|x86.Deploy.0 = Debug|Any CPU
		{398D2CD2-9C8D-4F1C-871D-8EAB0BEEE763}.Release|Any CPU.ActiveCfg = Release|Any CPU
		{398D2CD2-9C8D-4F1C-871D-8EAB0BEEE763}.Release|Any CPU.Build.0 = Release|Any CPU
		{398D2CD2-9C8D-4F1C-871D-8EAB0BEEE763}.Release|Any CPU.Deploy.0 = Release|Any CPU
		{398D2CD2-9C8D-4F1C-871D-8EAB0BEEE763}.Release|ARM.ActiveCfg = Release|Any CPU
		{398D2CD2-9C8D-4F1C-871D-8EAB0BEEE763}.Release|ARM.Build.0 = Release|Any CPU
		{398D2CD2-9C8D-4F1C-871D-8EAB0BEEE763}.Release|ARM.Deploy.0 = Release|Any CPU
		{398D2CD2-9C8D-4F1C-871D-8EAB0BEEE763}.Release|iPhone.ActiveCfg = Release|Any CPU
		{398D2CD2-9C8D-4F1C-871D-8EAB0BEEE763}.Release|iPhone.Build.0 = Release|Any CPU
		{398D2CD2-9C8D-4F1C-871D-8EAB0BEEE763}.Release|iPhone.Deploy.0 = Release|Any CPU
		{398D2CD2-9C8D-4F1C-871D-8EAB0BEEE763}.Release|iPhoneSimulator.ActiveCfg = Release|Any CPU
		{398D2CD2-9C8D-4F1C-871D-8EAB0BEEE763}.Release|iPhoneSimulator.Build.0 = Release|Any CPU
		{398D2CD2-9C8D-4F1C-871D-8EAB0BEEE763}.Release|iPhoneSimulator.Deploy.0 = Release|Any CPU
		{398D2CD2-9C8D-4F1C-871D-8EAB0BEEE763}.Release|x64.ActiveCfg = Release|Any CPU
		{398D2CD2-9C8D-4F1C-871D-8EAB0BEEE763}.Release|x64.Build.0 = Release|Any CPU
		{398D2CD2-9C8D-4F1C-871D-8EAB0BEEE763}.Release|x64.Deploy.0 = Release|Any CPU
		{398D2CD2-9C8D-4F1C-871D-8EAB0BEEE763}.Release|x86.ActiveCfg = Release|Any CPU
		{398D2CD2-9C8D-4F1C-871D-8EAB0BEEE763}.Release|x86.Build.0 = Release|Any CPU
		{398D2CD2-9C8D-4F1C-871D-8EAB0BEEE763}.Release|x86.Deploy.0 = Release|Any CPU
	EndGlobalSection
	GlobalSection(SolutionProperties) = preSolution
		HideSolutionNode = FALSE
	EndGlobalSection
	GlobalSection(ExtensibilityGlobals) = postSolution
		SolutionGuid = {861875D4-60EC-4E1A-9BC2-E867F0BF0089}
	EndGlobalSection
EndGlobal
